
Microsoft Visual Studio Solution File, Format Version 12.00
# Visual Studio Version 17
VisualStudioVersion = 17.8.34408.163
MinimumVisualStudioVersion = 10.0.40219.1
Project("{9A19103F-16F7-4668-BE54-9A1E7A4F7556}") = "Core_NET7_1_1", "Core_NET7_1_1\Core_NET7_1_1.csproj", "{F8F9DC2E-41DC-4EF0-A887-29E20FA77755}"
EndProject
Project("{FAE04EC0-301F-11D3-BF4B-00C04F79EFBC}") = "Core_NET_4_8", "Core_NET_4_8\Core_NET_4_8.csproj", "{2C347E3D-2343-478F-BFA2-DE03190DC5BC}"
EndProject
Global
	GlobalSection(SolutionConfigurationPlatforms) = preSolution
		Debug|Any CPU = Debug|Any CPU
		Release|Any CPU = Release|Any CPU
	EndGlobalSection
	GlobalSection(ProjectConfigurationPlatforms) = postSolution
		{F8F9DC2E-41DC-4EF0-A887-29E20FA77755}.Debug|Any CPU.ActiveCfg = Debug|Any CPU
		{F8F9DC2E-41DC-4EF0-A887-29E20FA77755}.Debug|Any CPU.Build.0 = Debug|Any CPU
		{F8F9DC2E-41DC-4EF0-A887-29E20FA77755}.Release|Any CPU.ActiveCfg = Release|Any CPU
		{F8F9DC2E-41DC-4EF0-A887-29E20FA77755}.Release|Any CPU.Build.0 = Release|Any CPU
		{2C347E3D-2343-478F-BFA2-DE03190DC5BC}.Debug|Any CPU.ActiveCfg = Debug|Any CPU
		{2C347E3D-2343-478F-BFA2-DE03190DC5BC}.Debug|Any CPU.Build.0 = Debug|Any CPU
		{2C347E3D-2343-478F-BFA2-DE03190DC5BC}.Release|Any CPU.ActiveCfg = Release|Any CPU
		{2C347E3D-2343-478F-BFA2-DE03190DC5BC}.Release|Any CPU.Build.0 = Release|Any CPU
	EndGlobalSection
	GlobalSection(SolutionProperties) = preSolution
		HideSolutionNode = FALSE
	EndGlobalSection
	GlobalSection(ExtensibilityGlobals) = postSolution
		SolutionGuid = {C97695CF-6147-4DA6-B4CA-8B7062C9C08F}
	EndGlobalSection
EndGlobal
